// !$*UTF8*$!
{
	archiveVersion = 1;
	classes = {
	};
	objectVersion = 77;
	objects = {

/* Begin PBXContainerItemProxy section */
		E1996D022E1010F900FA3D6B /* PBXContainerItemProxy */ = {
			isa = PBXContainerItemProxy;
			containerPortal = E1996CE92E1010F800FA3D6B /* Project object */;
			proxyType = 1;
			remoteGlobalIDString = E1996CF02E1010F800FA3D6B;
			remoteInfo = MobileProfessionalToDoApp;
		};
		E1996D0C2E1010F900FA3D6B /* PBXContainerItemProxy */ = {
			isa = PBXContainerItemProxy;
			containerPortal = E1996CE92E1010F800FA3D6B /* Project object */;
			proxyType = 1;
			remoteGlobalIDString = E1996CF02E1010F800FA3D6B;
			remoteInfo = MobileProfessionalToDoApp;
		};
/* End PBXContainerItemProxy section */

/* Begin PBXFileReference section */
		E1996CF12E1010F800FA3D6B /* MobileProfessionalToDoApp.app */ = {isa = PBXFileReference; explicitFileType = wrapper.application; includeInIndex = 0; path = MobileProfessionalToDoApp.app; sourceTree = BUILT_PRODUCTS_DIR; };
		E1996D012E1010F900FA3D6B /* MobileProfessionalToDoAppTests.xctest */ = {isa = PBXFileReference; explicitFileType = wrapper.cfbundle; includeInIndex = 0; path = MobileProfessionalToDoAppTests.xctest; sourceTree = BUILT_PRODUCTS_DIR; };
		E1996D0B2E1010F900FA3D6B /* MobileProfessionalToDoAppUITests.xctest */ = {isa = PBXFileReference; explicitFileType = wrapper.cfbundle; includeInIndex = 0; path = MobileProfessionalToDoAppUITests.xctest; sourceTree = BUILT_PRODUCTS_DIR; };
/* End PBXFileReference section */

/* Begin PBXFileSystemSynchronizedRootGroup section */
		E1996CF32E1010F800FA3D6B /* MobileProfessionalToDoApp */ = {
			isa = PBXFileSystemSynchronizedRootGroup;
			path = MobileProfessionalToDoApp;
			sourceTree = "<group>";
		};
		E1996D042E1010F900FA3D6B /* MobileProfessionalToDoAppTests */ = {
			isa = PBXFileSystemSynchronizedRootGroup;
			path = MobileProfessionalToDoAppTests;
			sourceTree = "<group>";
		};
		E1996D0E2E1010F900FA3D6B /* MobileProfessionalToDoAppUITests */ = {
			isa = PBXFileSystemSynchronizedRootGroup;
			path = MobileProfessionalToDoAppUITests;
			sourceTree = "<group>";
		};
/* End PBXFileSystemSynchronizedRootGroup section */

/* Begin PBXFrameworksBuildPhase section */
		E1996CEE2E1010F800FA3D6B /* Frameworks */ = {
			isa = PBXFrameworksBuildPhase;
			buildActionMask = 2147483647;
			files = (
			);
			runOnlyForDeploymentPostprocessing = 0;
		};
		E1996CFE2E1010F900FA3D6B /* Frameworks */ = {
			isa = PBXFrameworksBuildPhase;
			buildActionMask = 2147483647;
			files = (
			);
			runOnlyForDeploymentPostprocessing = 0;
		};
		E1996D082E1010F900FA3D6B /* Frameworks */ = {
			isa = PBXFrameworksBuildPhase;
			buildActionMask = 2147483647;
			files = (
			);
			runOnlyForDeploymentPostprocessing = 0;
		};
/* End PBXFrameworksBuildPhase section */

/* Begin PBXGroup section */
		E1996CE82E1010F800FA3D6B = {
			isa = PBXGroup;
			children = (
				E1996CF32E1010F800FA3D6B /* MobileProfessionalToDoApp */,
				E1996D042E1010F900FA3D6B /* MobileProfessionalToDoAppTests */,
				E1996D0E2E1010F900FA3D6B /* MobileProfessionalToDoAppUITests */,
				E1996CF22E1010F800FA3D6B /* Products */,
			);
			sourceTree = "<group>";
		};
		E1996CF22E1010F800FA3D6B /* Products */ = {
			isa = PBXGroup;
			children = (
				E1996CF12E1010F800FA3D6B /* MobileProfessionalToDoApp.app */,
				E1996D012E1010F900FA3D6B /* MobileProfessionalToDoAppTests.xctest */,
				E1996D0B2E1010F900FA3D6B /* MobileProfessionalToDoAppUITests.xctest */,
			);
			name = Products;
			sourceTree = "<group>";
		};
/* End PBXGroup section */

/* Begin PBXNativeTarget section */
		E1996CF02E1010F800FA3D6B /* MobileProfessionalToDoApp */ = {
			isa = PBXNativeTarget;
			buildConfigurationList = E1996D152E1010F900FA3D6B /* Build configuration list for PBXNativeTarget "MobileProfessionalToDoApp" */;
			buildPhases = (
				E1996CED2E1010F800FA3D6B /* Sources */,
				E1996CEE2E1010F800FA3D6B /* Frameworks */,
				E1996CEF2E1010F800FA3D6B /* Resources */,
			);
			buildRules = (
			);
			dependencies = (
			);
			fileSystemSynchronizedGroups = (
				E1996CF32E1010F800FA3D6B /* MobileProfessionalToDoApp */,
			);
			name = MobileProfessionalToDoApp;
			packageProductDependencies = (
			);
			productName = MobileProfessionalToDoApp;
			productReference = E1996CF12E1010F800FA3D6B /* MobileProfessionalToDoApp.app */;
			productType = "com.apple.product-type.application";
		};
		E1996D002E1010F900FA3D6B /* MobileProfessionalToDoAppTests */ = {
			isa = PBXNativeTarget;
			buildConfigurationList = E1996D182E1010F900FA3D6B /* Build configuration list for PBXNativeTarget "MobileProfessionalToDoAppTests" */;
			buildPhases = (
				E1996CFD2E1010F900FA3D6B /* Sources */,
				E1996CFE2E1010F900FA3D6B /* Frameworks */,
				E1996CFF2E1010F900FA3D6B /* Resources */,
			);
			buildRules = (
			);
			dependencies = (
				E1996D032E1010F900FA3D6B /* PBXTargetDependency */,
			);
			fileSystemSynchronizedGroups = (
				E1996D042E1010F900FA3D6B /* MobileProfessionalToDoAppTests */,
			);
			name = MobileProfessionalToDoAppTests;
			packageProductDependencies = (
			);
			productName = MobileProfessionalToDoAppTests;
			productReference = E1996D012E1010F900FA3D6B /* MobileProfessionalToDoAppTests.xctest */;
			productType = "com.apple.product-type.bundle.unit-test";
		};
		E1996D0A2E1010F900FA3D6B /* MobileProfessionalToDoAppUITests */ = {
			isa = PBXNativeTarget;
			buildConfigurationList = E1996D1B2E1010F900FA3D6B /* Build configuration list for PBXNativeTarget "MobileProfessionalToDoAppUITests" */;
			buildPhases = (
				E1996D072E1010F900FA3D6B /* Sources */,
				E1996D082E1010F900FA3D6B /* Frameworks */,
				E1996D092E1010F900FA3D6B /* Resources */,
			);
			buildRules = (
			);
			dependencies = (
				E1996D0D2E1010F900FA3D6B /* PBXTargetDependency */,
			);
			fileSystemSynchronizedGroups = (
				E1996D0E2E1010F900FA3D6B /* MobileProfessionalToDoAppUITests */,
			);
			name = MobileProfessionalToDoAppUITests;
			packageProductDependencies = (
			);
			productName = MobileProfessionalToDoAppUITests;
			productReference = E1996D0B2E1010F900FA3D6B /* MobileProfessionalToDoAppUITests.xctest */;
			productType = "com.apple.product-type.bundle.ui-testing";
		};
/* End PBXNativeTarget section */

/* Begin PBXProject section */
		E1996CE92E1010F800FA3D6B /* Project object */ = {
			isa = PBXProject;
			attributes = {
				BuildIndependentTargetsInParallel = 1;
				LastSwiftUpdateCheck = 1620;
				LastUpgradeCheck = 1620;
				TargetAttributes = {
					E1996CF02E1010F800FA3D6B = {
						CreatedOnToolsVersion = 16.2;
					};
					E1996D002E1010F900FA3D6B = {
						CreatedOnToolsVersion = 16.2;
						TestTargetID = E1996CF02E1010F800FA3D6B;
					};
					E1996D0A2E1010F900FA3D6B = {
						CreatedOnToolsVersion = 16.2;
						TestTargetID = E1996CF02E1010F800FA3D6B;
					};
				};
			};
			buildConfigurationList = E1996CEC2E1010F800FA3D6B /* Build configuration list for PBXProject "MobileProfessionalToDoApp" */;
			developmentRegion = en;
			hasScannedForEncodings = 0;
			knownRegions = (
				en,
				Base,
			);
			mainGroup = E1996CE82E1010F800FA3D6B;
			minimizedProjectReferenceProxies = 1;
			preferredProjectObjectVersion = 77;
			productRefGroup = E1996CF22E1010F800FA3D6B /* Products */;
			projectDirPath = "";
			projectRoot = "";
			targets = (
				E1996CF02E1010F800FA3D6B /* MobileProfessionalToDoApp */,
				E1996D002E1010F900FA3D6B /* MobileProfessionalToDoAppTests */,
				E1996D0A2E1010F900FA3D6B /* MobileProfessionalToDoAppUITests */,
			);
		};
/* End PBXProject section */

/* Begin PBXResourcesBuildPhase section */
		E1996CEF2E1010F800FA3D6B /* Resources */ = {
			isa = PBXResourcesBuildPhase;
			buildActionMask = 2147483647;
			files = (
			);
			runOnlyForDeploymentPostprocessing = 0;
		};
		E1996CFF2E1010F900FA3D6B /* Resources */ = {
			isa = PBXResourcesBuildPhase;
			buildActionMask = 2147483647;
			files = (
			);
			runOnlyForDeploymentPostprocessing = 0;
		};
		E1996D092E1010F900FA3D6B /* Resources */ = {
			isa = PBXResourcesBuildPhase;
			buildActionMask = 2147483647;
			files = (
			);
			runOnlyForDeploymentPostprocessing = 0;
		};
/* End PBXResourcesBuildPhase section */

/* Begin PBXSourcesBuildPhase section */
		E1996CED2E1010F800FA3D6B /* Sources */ = {
			isa = PBXSourcesBuildPhase;
			buildActionMask = 2147483647;
			files = (
			);
			runOnlyForDeploymentPostprocessing = 0;
		};
		E1996CFD2E1010F900FA3D6B /* Sources */ = {
			isa = PBXSourcesBuildPhase;
			buildActionMask = 2147483647;
			files = (
			);
			runOnlyForDeploymentPostprocessing = 0;
		};
		E1996D072E1010F900FA3D6B /* Sources */ = {
			isa = PBXSourcesBuildPhase;
			buildActionMask = 2147483647;
			files = (
			);
			runOnlyForDeploymentPostprocessing = 0;
		};
/* End PBXSourcesBuildPhase section */

/* Begin PBXTargetDependency section */
		E1996D032E1010F900FA3D6B /* PBXTargetDependency */ = {
			isa = PBXTargetDependency;
			target = E1996CF02E1010F800FA3D6B /* MobileProfessionalToDoApp */;
			targetProxy = E1996D022E1010F900FA3D6B /* PBXContainerItemProxy */;
		};
		E1996D0D2E1010F900FA3D6B /* PBXTargetDependency */ = {
			isa = PBXTargetDependency;
			target = E1996CF02E1010F800FA3D6B /* MobileProfessionalToDoApp */;
			targetProxy = E1996D0C2E1010F900FA3D6B /* PBXContainerItemProxy */;
		};
/* End PBXTargetDependency section */

/* Begin XCBuildConfiguration section */
		E1996D132E1010F900FA3D6B /* Debug */ = {
			isa = XCBuildConfiguration;
			buildSettings = {
				ALWAYS_SEARCH_USER_PATHS = NO;
				ASSETCATALOG_COMPILER_GENERATE_SWIFT_ASSET_SYMBOL_EXTENSIONS = YES;
				CLANG_ANALYZER_NONNULL = YES;
				CLANG_ANALYZER_NUMBER_OBJECT_CONVERSION = YES_AGGRESSIVE;
				CLANG_CXX_LANGUAGE_STANDARD = "gnu++20";
				CLANG_ENABLE_MODULES = YES;
				CLANG_ENABLE_OBJC_ARC = YES;
				CLANG_ENABLE_OBJC_WEAK = YES;
				CLANG_WARN_BLOCK_CAPTURE_AUTORELEASING = YES;
				CLANG_WARN_BOOL_CONVERSION = YES;
				CLANG_WARN_COMMA = YES;
				CLANG_WARN_CONSTANT_CONVERSION = YES;
				CLANG_WARN_DEPRECATED_OBJC_IMPLEMENTATIONS = YES;
				CLANG_WARN_DIRECT_OBJC_ISA_USAGE = YES_ERROR;
				CLANG_WARN_DOCUMENTATION_COMMENTS = YES;
				CLANG_WARN_EMPTY_BODY = YES;
				CLANG_WARN_ENUM_CONVERSION = YES;
				CLANG_WARN_INFINITE_RECURSION = YES;
				CLANG_WARN_INT_CONVERSION = YES;
				CLANG_WARN_NON_LITERAL_NULL_CONVERSION = YES;
				CLANG_WARN_OBJC_IMPLICIT_RETAIN_SELF = YES;
				CLANG_WARN_OBJC_LITERAL_CONVERSION = YES;
				CLANG_WARN_OBJC_ROOT_CLASS = YES_ERROR;
				CLANG_WARN_QUOTED_INCLUDE_IN_FRAMEWORK_HEADER = YES;
				CLANG_WARN_RANGE_LOOP_ANALYSIS = YES;
				CLANG_WARN_STRICT_PROTOTYPES = YES;
				CLANG_WARN_SUSPICIOUS_MOVE = YES;
				CLANG_WARN_UNGUARDED_AVAILABILITY = YES_AGGRESSIVE;
				CLANG_WARN_UNREACHABLE_CODE = YES;
				CLANG_WARN__DUPLICATE_METHOD_MATCH = YES;
				COPY_PHASE_STRIP = NO;
				DEBUG_INFORMATION_FORMAT = dwarf;
				ENABLE_STRICT_OBJC_MSGSEND = YES;
				ENABLE_TESTABILITY = YES;
				ENABLE_USER_SCRIPT_SANDBOXING = YES;
				GCC_C_LANGUAGE_STANDARD = gnu17;
				GCC_DYNAMIC_NO_PIC = NO;
				GCC_NO_COMMON_BLOCKS = YES;
				GCC_OPTIMIZATION_LEVEL = 0;
				GCC_PREPROCESSOR_DEFINITIONS = (
					"DEBUG=1",
					"$(inherited)",
				);
				GCC_WARN_64_TO_32_BIT_CONVERSION = YES;
				GCC_WARN_ABOUT_RETURN_TYPE = YES_ERROR;
				GCC_WARN_UNDECLARED_SELECTOR = YES;
				GCC_WARN_UNINITIALIZED_AUTOS = YES_AGGRESSIVE;
				GCC_WARN_UNUSED_FUNCTION = YES;
				GCC_WARN_UNUSED_VARIABLE = YES;
				IPHONEOS_DEPLOYMENT_TARGET = 18.2;
				LOCALIZATION_PREFERS_STRING_CATALOGS = YES;
				MTL_ENABLE_DEBUG_INFO = INCLUDE_SOURCE;
				MTL_FAST_MATH = YES;
				ONLY_ACTIVE_ARCH = YES;
				SDKROOT = iphoneos;
				SWIFT_ACTIVE_COMPILATION_CONDITIONS = "DEBUG $(inherited)";
				SWIFT_OPTIMIZATION_LEVEL = "-Onone";
			};
			name = Debug;
		};
		E1996D142E1010F900FA3D6B /* Release */ = {
			isa = XCBuildConfiguration;
			buildSettings = {
				ALWAYS_SEARCH_USER_PATHS = NO;
				ASSETCATALOG_COMPILER_GENERATE_SWIFT_ASSET_SYMBOL_EXTENSIONS = YES;
				CLANG_ANALYZER_NONNULL = YES;
				CLANG_ANALYZER_NUMBER_OBJECT_CONVERSION = YES_AGGRESSIVE;
				CLANG_CXX_LANGUAGE_STANDARD = "gnu++20";
				CLANG_ENABLE_MODULES = YES;
				CLANG_ENABLE_OBJC_ARC = YES;
				CLANG_ENABLE_OBJC_WEAK = YES;
				CLANG_WARN_BLOCK_CAPTURE_AUTORELEASING = YES;
				CLANG_WARN_BOOL_CONVERSION = YES;
				CLANG_WARN_COMMA = YES;
				CLANG_WARN_CONSTANT_CONVERSION = YES;
				CLANG_WARN_DEPRECATED_OBJC_IMPLEMENTATIONS = YES;
				CLANG_WARN_DIRECT_OBJC_ISA_USAGE = YES_ERROR;
				CLANG_WARN_DOCUMENTATION_COMMENTS = YES;
				CLANG_WARN_EMPTY_BODY = YES;
				CLANG_WARN_ENUM_CONVERSION = YES;
				CLANG_WARN_INFINITE_RECURSION = YES;
				CLANG_WARN_INT_CONVERSION = YES;
				CLANG_WARN_NON_LITERAL_NULL_CONVERSION = YES;
				CLANG_WARN_OBJC_IMPLICIT_RETAIN_SELF = YES;
				CLANG_WARN_OBJC_LITERAL_CONVERSION = YES;
				CLANG_WARN_OBJC_ROOT_CLASS = YES_ERROR;
				CLANG_WARN_QUOTED_INCLUDE_IN_FRAMEWORK_HEADER = YES;
				CLANG_WARN_RANGE_LOOP_ANALYSIS = YES;
				CLANG_WARN_STRICT_PROTOTYPES = YES;
				CLANG_WARN_SUSPICIOUS_MOVE = YES;
				CLANG_WARN_UNGUARDED_AVAILABILITY = YES_AGGRESSIVE;
				CLANG_WARN_UNREACHABLE_CODE = YES;
				CLANG_WARN__DUPLICATE_METHOD_MATCH = YES;
				COPY_PHASE_STRIP = NO;
				DEBUG_INFORMATION_FORMAT = "dwarf-with-dsym";
				ENABLE_NS_ASSERTIONS = NO;
				ENABLE_STRICT_OBJC_MSGSEND = YES;
				ENABLE_USER_SCRIPT_SANDBOXING = YES;
				GCC_C_LANGUAGE_STANDARD = gnu17;
				GCC_NO_COMMON_BLOCKS = YES;
				GCC_WARN_64_TO_32_BIT_CONVERSION = YES;
				GCC_WARN_ABOUT_RETURN_TYPE = YES_ERROR;
				GCC_WARN_UNDECLARED_SELECTOR = YES;
				GCC_WARN_UNINITIALIZED_AUTOS = YES_AGGRESSIVE;
				GCC_WARN_UNUSED_FUNCTION = YES;
				GCC_WARN_UNUSED_VARIABLE = YES;
				IPHONEOS_DEPLOYMENT_TARGET = 18.2;
				LOCALIZATION_PREFERS_STRING_CATALOGS = YES;
				MTL_ENABLE_DEBUG_INFO = NO;
				MTL_FAST_MATH = YES;
				SDKROOT = iphoneos;
				SWIFT_COMPILATION_MODE = wholemodule;
				VALIDATE_PRODUCT = YES;
			};
			name = Release;
		};
		E1996D162E1010F900FA3D6B /* Debug */ = {
			isa = XCBuildConfiguration;
			buildSettings = {
				ASSETCATALOG_COMPILER_APPICON_NAME = AppIcon;
				ASSETCATALOG_COMPILER_GLOBAL_ACCENT_COLOR_NAME = AccentColor;
				CODE_SIGN_STYLE = Automatic;
				CURRENT_PROJECT_VERSION = 1;
				DEVELOPMENT_ASSET_PATHS = "\"MobileProfessionalToDoApp/Preview Content\"";
				DEVELOPMENT_TEAM = 3J9VCW948R;
				ENABLE_PREVIEWS = YES;
				GENERATE_INFOPLIST_FILE = YES;
				INFOPLIST_KEY_UIApplicationSceneManifest_Generation = YES;
				INFOPLIST_KEY_UIApplicationSupportsIndirectInputEvents = YES;
				INFOPLIST_KEY_UILaunchScreen_Generation = YES;
				INFOPLIST_KEY_UISupportedInterfaceOrientations_iPad = "UIInterfaceOrientationPortrait UIInterfaceOrientationPortraitUpsideDown UIInterfaceOrientationLandscapeLeft UIInterfaceOrientationLandscapeRight";
				INFOPLIST_KEY_UISupportedInterfaceOrientations_iPhone = "UIInterfaceOrientationPortrait UIInterfaceOrientationLandscapeLeft UIInterfaceOrientationLandscapeRight";
				LD_RUNPATH_SEARCH_PATHS = (
					"$(inherited)",
					"@executable_path/Frameworks",
				);
				MARKETING_VERSION = 1.0;
				PRODUCT_BUNDLE_IDENTIFIER = br.pucpr.MobileProfessionalToDoApp;
				PRODUCT_NAME = "$(TARGET_NAME)";
				SWIFT_EMIT_LOC_STRINGS = YES;
				SWIFT_VERSION = 5.0;
				TARGETED_DEVICE_FAMILY = "1,2";
			};
			name = Debug;
		};
		E1996D172E1010F900FA3D6B /* Release */ = {
			isa = XCBuildConfiguration;
			buildSettings = {
				ASSETCATALOG_COMPILER_APPICON_NAME = AppIcon;
				ASSETCATALOG_COMPILER_GLOBAL_ACCENT_COLOR_NAME = AccentColor;
				CODE_SIGN_STYLE = Automatic;
				CURRENT_PROJECT_VERSION = 1;
				DEVELOPMENT_ASSET_PATHS = "\"MobileProfessionalToDoApp/Preview Content\"";
				DEVELOPMENT_TEAM = 3J9VCW948R;
				ENABLE_PREVIEWS = YES;
				GENERATE_INFOPLIST_FILE = YES;
				INFOPLIST_KEY_UIApplicationSceneManifest_Generation = YES;
				INFOPLIST_KEY_UIApplicationSupportsIndirectInputEvents = YES;
				INFOPLIST_KEY_UILaunchScreen_Generation = YES;
				INFOPLIST_KEY_UISupportedInterfaceOrientations_iPad = "UIInterfaceOrientationPortrait UIInterfaceOrientationPortraitUpsideDown UIInterfaceOrientationLandscapeLeft UIInterfaceOrientationLandscapeRight";
				INFOPLIST_KEY_UISupportedInterfaceOrientations_iPhone = "UIInterfaceOrientationPortrait UIInterfaceOrientationLandscapeLeft UIInterfaceOrientationLandscapeRight";
				LD_RUNPATH_SEARCH_PATHS = (
					"$(inherited)",
					"@executable_path/Frameworks",
				);
				MARKETING_VERSION = 1.0;
				PRODUCT_BUNDLE_IDENTIFIER = br.pucpr.MobileProfessionalToDoApp;
				PRODUCT_NAME = "$(TARGET_NAME)";
				SWIFT_EMIT_LOC_STRINGS = YES;
				SWIFT_VERSION = 5.0;
				TARGETED_DEVICE_FAMILY = "1,2";
			};
			name = Release;
		};
		E1996D192E1010F900FA3D6B /* Debug */ = {
			isa = XCBuildConfiguration;
			buildSettings = {
				BUNDLE_LOADER = "$(TEST_HOST)";
				CODE_SIGN_STYLE = Automatic;
				CURRENT_PROJECT_VERSION = 1;
				DEVELOPMENT_TEAM = 3J9VCW948R;
				GENERATE_INFOPLIST_FILE = YES;
				IPHONEOS_DEPLOYMENT_TARGET = 18.2;
				MARKETING_VERSION = 1.0;
				PRODUCT_BUNDLE_IDENTIFIER = br.pucpr.MobileProfessionalToDoAppTests;
				PRODUCT_NAME = "$(TARGET_NAME)";
				SWIFT_EMIT_LOC_STRINGS = NO;
				SWIFT_VERSION = 5.0;
				TARGETED_DEVICE_FAMILY = "1,2";
				TEST_HOST = "$(BUILT_PRODUCTS_DIR)/MobileProfessionalToDoApp.app/$(BUNDLE_EXECUTABLE_FOLDER_PATH)/MobileProfessionalToDoApp";
			};
			name = Debug;
		};
		E1996D1A2E1010F900FA3D6B /* Release */ = {
			isa = XCBuildConfiguration;
			buildSettings = {
				BUNDLE_LOADER = "$(TEST_HOST)";
				CODE_SIGN_STYLE = Automatic;
				CURRENT_PROJECT_VERSION = 1;
				DEVELOPMENT_TEAM = 3J9VCW948R;
				GENERATE_INFOPLIST_FILE = YES;
				IPHONEOS_DEPLOYMENT_TARGET = 18.2;
				MARKETING_VERSION = 1.0;
				PRODUCT_BUNDLE_IDENTIFIER = br.pucpr.MobileProfessionalToDoAppTests;
				PRODUCT_NAME = "$(TARGET_NAME)";
				SWIFT_EMIT_LOC_STRINGS = NO;
				SWIFT_VERSION = 5.0;
				TARGETED_DEVICE_FAMILY = "1,2";
				TEST_HOST = "$(BUILT_PRODUCTS_DIR)/MobileProfessionalToDoApp.app/$(BUNDLE_EXECUTABLE_FOLDER_PATH)/MobileProfessionalToDoApp";
			};
			name = Release;
		};
		E1996D1C2E1010F900FA3D6B /* Debug */ = {
			isa = XCBuildConfiguration;
			buildSettings = {
				CODE_SIGN_STYLE = Automatic;
				CURRENT_PROJECT_VERSION = 1;
				DEVELOPMENT_TEAM = 3J9VCW948R;
				GENERATE_INFOPLIST_FILE = YES;
				MARKETING_VERSION = 1.0;
				PRODUCT_BUNDLE_IDENTIFIER = br.pucpr.MobileProfessionalToDoAppUITests;
				PRODUCT_NAME = "$(TARGET_NAME)";
				SWIFT_EMIT_LOC_STRINGS = NO;
				SWIFT_VERSION = 5.0;
				TARGETED_DEVICE_FAMILY = "1,2";
				TEST_TARGET_NAME = MobileProfessionalToDoApp;
			};
			name = Debug;
		};
		E1996D1D2E1010F900FA3D6B /* Release */ = {
			isa = XCBuildConfiguration;
			buildSettings = {
				CODE_SIGN_STYLE = Automatic;
				CURRENT_PROJECT_VERSION = 1;
				DEVELOPMENT_TEAM = 3J9VCW948R;
				GENERATE_INFOPLIST_FILE = YES;
				MARKETING_VERSION = 1.0;
				PRODUCT_BUNDLE_IDENTIFIER = br.pucpr.MobileProfessionalToDoAppUITests;
				PRODUCT_NAME = "$(TARGET_NAME)";
				SWIFT_EMIT_LOC_STRINGS = NO;
				SWIFT_VERSION = 5.0;
				TARGETED_DEVICE_FAMILY = "1,2";
				TEST_TARGET_NAME = MobileProfessionalToDoApp;
			};
			name = Release;
		};
/* End XCBuildConfiguration section */

/* Begin XCConfigurationList section */
		E1996CEC2E1010F800FA3D6B /* Build configuration list for PBXProject "MobileProfessionalToDoApp" */ = {
			isa = XCConfigurationList;
			buildConfigurations = (
				E1996D132E1010F900FA3D6B /* Debug */,
				E1996D142E1010F900FA3D6B /* Release */,
			);
			defaultConfigurationIsVisible = 0;
			defaultConfigurationName = Release;
		};
		E1996D152E1010F900FA3D6B /* Build configuration list for PBXNativeTarget "MobileProfessionalToDoApp" */ = {
			isa = XCConfigurationList;
			buildConfigurations = (
				E1996D162E1010F900FA3D6B /* Debug */,
				E1996D172E1010F900FA3D6B /* Release */,
			);
			defaultConfigurationIsVisible = 0;
			defaultConfigurationName = Release;
		};
		E1996D182E1010F900FA3D6B /* Build configuration list for PBXNativeTarget "MobileProfessionalToDoAppTests" */ = {
			isa = XCConfigurationList;
			buildConfigurations = (
				E1996D192E1010F900FA3D6B /* Debug */,
				E1996D1A2E1010F900FA3D6B /* Release */,
			);
			defaultConfigurationIsVisible = 0;
			defaultConfigurationName = Release;
		};
		E1996D1B2E1010F900FA3D6B /* Build configuration list for PBXNativeTarget "MobileProfessionalToDoAppUITests" */ = {
			isa = XCConfigurationList;
			buildConfigurations = (
				E1996D1C2E1010F900FA3D6B /* Debug */,
				E1996D1D2E1010F900FA3D6B /* Release */,
			);
			defaultConfigurationIsVisible = 0;
			defaultConfigurationName = Release;
		};
/* End XCConfigurationList section */
	};
	rootObject = E1996CE92E1010F800FA3D6B /* Project object */;
}
